{
  "name": "multisig",
  "version": "1.0.0",
  "lockfileVersion": 1,
  "requires": true,
  "dependencies": {
    "bcoin": {
      "version": "git+https://github.com/bcoin-org/bcoin.git#f1abba52eda16d3981039651d0e0407e0c7fc778",
      "from": "git+https://github.com/bcoin-org/bcoin.git",
      "requires": {
        "bcfg": "git+https://github.com/bcoin-org/bcfg.git#semver:~0.1.6",
        "bcrypto": "git+https://github.com/bcoin-org/bcrypto.git#semver:~5.0.4",
        "bcurl": "git+https://github.com/bcoin-org/bcurl.git#semver:^0.1.6",
        "bdb": "git+https://github.com/bcoin-org/bdb.git#semver:~1.2.1",
        "bdns": "git+https://github.com/bcoin-org/bdns.git#semver:~0.1.5",
        "bevent": "git+https://github.com/bcoin-org/bevent.git#semver:~0.1.5",
        "bfile": "git+https://github.com/bcoin-org/bfile.git#semver:~0.2.1",
        "bfilter": "git+https://github.com/bcoin-org/bfilter.git#semver:~2.0.0",
        "bheep": "git+https://github.com/bcoin-org/bheep.git#semver:~0.1.5",
        "binet": "git+https://github.com/bcoin-org/binet.git#semver:~0.3.5",
        "blgr": "git+https://github.com/bcoin-org/blgr.git#semver:~0.1.7",
        "blru": "git+https://github.com/bcoin-org/blru.git#semver:~0.1.6",
        "blst": "git+https://github.com/bcoin-org/blst.git#semver:~0.1.5",
        "bmutex": "git+https://github.com/bcoin-org/bmutex.git#semver:~0.1.6",
        "brq": "git+https://github.com/bcoin-org/brq.git#semver:~0.1.7",
        "bs32": "git+https://github.com/bcoin-org/bs32.git#semver:=0.1.6",
        "bsert": "git+https://github.com/chjj/bsert.git#semver:~0.0.10",
        "bsock": "git+https://github.com/bcoin-org/bsock.git#semver:~0.1.9",
        "bsocks": "git+https://github.com/bcoin-org/bsocks.git#semver:~0.2.6",
        "btcp": "git+https://github.com/bcoin-org/btcp.git#semver:~0.1.5",
        "buffer-map": "git+https://github.com/chjj/buffer-map.git#semver:~0.0.7",
        "bufio": "git+https://github.com/bcoin-org/bufio.git#semver:~1.0.6",
        "bupnp": "git+https://github.com/bcoin-org/bupnp.git#semver:~0.2.6",
        "bval": "git+https://github.com/bcoin-org/bval.git#semver:~0.1.6",
        "bweb": "git+https://github.com/bcoin-org/bweb.git#semver:=0.1.9",
        "loady": "git+https://github.com/chjj/loady.git#semver:~0.0.1",
        "n64": "git+https://github.com/chjj/n64.git#semver:~0.2.10",
        "nan": "git+https://github.com/braydonf/nan.git#semver:=2.14.0"
      },
      "dependencies": {
        "bcfg": {
          "version": "0.1.6",
          "from": "git+https://github.com/bcoin-org/bcfg.git#semver:~0.1.6",
          "bundled": true,
          "requires": {
            "bsert": "~0.0.10"
          }
        },
        "bcrypto": {
          "version": "5.0.4",
          "from": "git+https://github.com/bcoin-org/bcrypto.git#semver:~5.0.4",
          "bundled": true,
          "requires": {
            "bufio": "~1.0.6",
            "loady": "~0.0.1",
            "nan": "^2.14.0"
          }
        },
        "bcurl": {
          "version": "0.1.6",
          "from": "git+https://github.com/bcoin-org/bcurl.git#semver:^0.1.6",
          "bundled": true,
          "requires": {
            "brq": "~0.1.7",
            "bsert": "~0.0.10",
            "bsock": "~0.1.8"
          }
        },
        "bdb": {
          "version": "1.2.1",
          "from": "git+https://github.com/bcoin-org/bdb.git#semver:~1.2.1",
          "bundled": true,
          "requires": {
            "bsert": "~0.0.10",
            "loady": "~0.0.1"
          }
        },
        "bdns": {
          "version": "0.1.5",
          "from": "git+https://github.com/bcoin-org/bdns.git#semver:~0.1.5",
          "bundled": true,
          "requires": {
            "bsert": "~0.0.10"
          }
        },
        "bevent": {
          "version": "0.1.5",
          "from": "git+https://github.com/bcoin-org/bevent.git#semver:~0.1.5",
          "bundled": true,
          "requires": {
            "bsert": "~0.0.10"
          }
        },
        "bfile": {
          "version": "0.2.2",
          "from": "git+https://github.com/bcoin-org/bfile.git#semver:~0.2.1",
          "bundled": true
        },
        "bfilter": {
          "version": "2.0.0",
          "from": "git+https://github.com/bcoin-org/bfilter.git#semver:~2.0.0",
          "bundled": true,
          "requires": {
            "bcrypto": "git+https://github.com/bcoin-org/bcrypto.git#semver:~5.0.4",
            "bsert": "git+https://github.com/chjj/bsert.git#semver:~0.0.10",
            "bufio": "git+https://github.com/bcoin-org/bufio.git#semver:~1.0.6",
            "loady": "git+https://github.com/chjj/loady.git#semver:~0.0.1",
            "nan": "git+https://github.com/braydonf/nan.git#semver:=2.14.0"
          }
        },
        "bheep": {
          "version": "0.1.5",
          "from": "git+https://github.com/bcoin-org/bheep.git#semver:~0.1.5",
          "bundled": true,
          "requires": {
            "bsert": "~0.0.10"
          }
        },
        "binet": {
          "version": "0.3.5",
          "from": "git+https://github.com/bcoin-org/binet.git#semver:~0.3.5",
          "bundled": true,
          "requires": {
            "bs32": "~0.1.5",
            "bsert": "~0.0.10"
          }
        },
        "blgr": {
          "version": "0.1.7",
          "from": "git+https://github.com/bcoin-org/blgr.git#semver:~0.1.7",
          "bundled": true,
          "requires": {
            "bsert": "~0.0.10"
          }
        },
        "blru": {
          "version": "0.1.6",
          "from": "git+https://github.com/bcoin-org/blru.git#semver:~0.1.6",
          "bundled": true,
          "requires": {
            "bsert": "~0.0.10"
          }
        },
        "blst": {
          "version": "0.1.5",
          "from": "git+https://github.com/bcoin-org/blst.git#semver:~0.1.5",
          "bundled": true,
          "requires": {
            "bsert": "~0.0.10"
          }
        },
        "bmutex": {
          "version": "0.1.6",
          "from": "git+https://github.com/bcoin-org/bmutex.git#semver:~0.1.6",
          "bundled": true,
          "requires": {
            "bsert": "~0.0.10"
          }
        },
        "brq": {
          "version": "0.1.8",
          "from": "git+https://github.com/bcoin-org/brq.git#semver:~0.1.7",
          "bundled": true,
          "requires": {
            "bsert": "~0.0.10"
          }
        },
        "bs32": {
          "version": "0.1.6",
          "from": "git+https://github.com/bcoin-org/bs32.git#semver:=0.1.6",
          "bundled": true,
          "requires": {
            "bsert": "~0.0.10"
          }
        },
        "bsert": {
          "version": "0.0.10",
          "from": "git+https://github.com/chjj/bsert.git#semver:~0.0.10",
          "bundled": true
        },
        "bsock": {
          "version": "0.1.9",
          "from": "git+https://github.com/bcoin-org/bsock.git#semver:~0.1.9",
          "bundled": true,
          "requires": {
            "bsert": "~0.0.10"
          }
        },
        "bsocks": {
          "version": "0.2.6",
          "from": "git+https://github.com/bcoin-org/bsocks.git#semver:~0.2.6",
          "bundled": true,
          "requires": {
            "binet": "~0.3.5",
            "bsert": "~0.0.10"
          }
        },
        "btcp": {
          "version": "0.1.5",
          "from": "git+https://github.com/bcoin-org/btcp.git#semver:~0.1.5",
          "bundled": true
        },
        "buffer-map": {
          "version": "0.0.7",
          "from": "git+https://github.com/chjj/buffer-map.git#semver:~0.0.7",
          "bundled": true
        },
        "bufio": {
          "version": "1.0.6",
          "from": "git+https://github.com/bcoin-org/bufio.git#semver:~1.0.6",
          "bundled": true
        },
        "bupnp": {
          "version": "0.2.6",
          "from": "git+https://github.com/bcoin-org/bupnp.git#semver:~0.2.6",
          "bundled": true,
          "requires": {
            "binet": "~0.3.5",
            "brq": "~0.1.7",
            "bsert": "~0.0.10"
          }
        },
        "bval": {
          "version": "0.1.6",
          "from": "git+https://github.com/bcoin-org/bval.git#semver:~0.1.6",
          "bundled": true,
          "requires": {
            "bsert": "~0.0.10"
          }
        },
        "bweb": {
          "version": "0.1.9",
          "from": "git+https://github.com/bcoin-org/bweb.git#semver:=0.1.9",
          "bundled": true,
          "requires": {
            "bsert": "~0.0.10",
            "bsock": "~0.1.8"
          }
        },
        "loady": {
          "version": "0.0.1",
          "from": "git+https://github.com/chjj/loady.git#semver:~0.0.1",
          "bundled": true
        },
        "n64": {
          "version": "0.2.10",
          "from": "git+https://github.com/chjj/n64.git#semver:~0.2.10",
          "bundled": true
        },
        "nan": {
          "version": "2.14.0",
          "from": "git+https://github.com/braydonf/nan.git#semver:=2.14.0",
          "bundled": true
        }
      }
    }
  }
}
